Microsoft Visual Studio Solution File, Format Version 12.00
# Visual Studio Version 17
VisualStudioVersion = 17.5.2.0
MinimumVisualStudioVersion = 10.0.40219.1
Project("{FAE04EC0-301F-11D3-BF4B-00C04F79EFBC}") = "Rosheta", "Rosheta.csproj", "{A6674016-CC60-0E60-C9A9-7BE7DE3B0658}"
EndProject
Global
	GlobalSection(SolutionConfigurationPlatforms) = preSolution
		Debug|Any CPU = Debug|Any CPU
		Release|Any CPU = Release|Any CPU
	EndGlobalSection
	GlobalSection(ProjectConfigurationPlatforms) = postSolution
		{A6674016-CC60-0E60-C9A9-7BE7DE3B0658}.Debug|Any CPU.ActiveCfg = Debug|Any CPU
		{A6674016-CC60-0E60-C9A9-7BE7DE3B0658}.Debug|Any CPU.Build.0 = Debug|Any CPU
		{A6674016-CC60-0E60-C9A9-7BE7DE3B0658}.Release|Any CPU.ActiveCfg = Release|Any CPU
		{A6674016-CC60-0E60-C9A9-7BE7DE3B0658}.Release|Any CPU.Build.0 = Release|Any CPU
	EndGlobalSection
	GlobalSection(SolutionProperties) = preSolution
		HideSolutionNode = FALSE
	EndGlobalSection
	GlobalSection(ExtensibilityGlobals) = postSolution
		SolutionGuid = {EAD8547B-C9C2-408E-A3A4-1563A44ED771}
	EndGlobalSection
EndGlobal
